github.com/andybons/ascii v0.0.0-20190215043645-86f2bf67280b h1:9N1Ht24Ifk0BULn7C+reKLdkh5WEEb2IQ1POn0bRd5c=
github.com/andybons/ascii v0.0.0-20190215043645-86f2bf67280b/go.mod h1:/pRnAttkHmGucexsXqXwvMf9dK3ZlTGnfrxEAVkMA38=
github.com/nfnt/resize v0.0.0-20180221191011-83c6a9932646 h1:zYyBkD/k9seD2A7fsi6Oo2LfFZAehjjQMERAvZLEDnQ=
github.com/nfnt/resize v0.0.0-20180221191011-83c6a9932646/go.mod h1:jpp1/29i3P1S/RLdc7JQKbRpFeM1dOBd8T9ki5s+AY8=
